
Microsoft Visual Studio Solution File, Format Version 12.00
# Visual Studio Version 17
VisualStudioVersion = 17.11.35312.102
MinimumVisualStudioVersion = 10.0.40219.1
Project("{9A19103F-16F7-4668-BE54-9A1E7A4F7556}") = "Cod3rsGrowthRavenDb.Dominio", "Cod3rsGrowthRavenDb.Dominio\Cod3rsGrowthRavenDb.Dominio.csproj", "{66C39EA4-0029-42FF-BF95-3DD63B89A435}"
EndProject
Project("{9A19103F-16F7-4668-BE54-9A1E7A4F7556}") = "Cod3rsGrowthRavenDb.Servico", "Cod3rsGrowthRavenDb.Servico\Cod3rsGrowthRavenDb.Servico.csproj", "{87088516-DAE0-4D4F-AF80-53D758F45EF6}"
EndProject
Project("{9A19103F-16F7-4668-BE54-9A1E7A4F7556}") = "Cod3rsGrowthRavenDb.Infra", "Cod3rsGrowthRavenDb.Infra\Cod3rsGrowthRavenDb.Infra.csproj", "{7CC52D8B-C060-493E-8DEF-483EA9D316FD}"
	ProjectSection(ProjectDependencies) = postProject
		{87088516-DAE0-4D4F-AF80-53D758F45EF6} = {87088516-DAE0-4D4F-AF80-53D758F45EF6}
	EndProjectSection
EndProject
Project("{FAE04EC0-301F-11D3-BF4B-00C04F79EFBC}") = "Cod3rsGrowthRavenDb.WebApp", "Cod3rsGrowthRavenDb.WebApp\Cod3rsGrowthRavenDb.WebApp.csproj", "{31089D10-95A4-4E91-939B-548FD3DCAA0C}"
EndProject
Global
	GlobalSection(SolutionConfigurationPlatforms) = preSolution
		Debug|Any CPU = Debug|Any CPU
		Release|Any CPU = Release|Any CPU
	EndGlobalSection
	GlobalSection(ProjectConfigurationPlatforms) = postSolution
		{66C39EA4-0029-42FF-BF95-3DD63B89A435}.Debug|Any CPU.ActiveCfg = Debug|Any CPU
		{66C39EA4-0029-42FF-BF95-3DD63B89A435}.Debug|Any CPU.Build.0 = Debug|Any CPU
		{66C39EA4-0029-42FF-BF95-3DD63B89A435}.Release|Any CPU.ActiveCfg = Release|Any CPU
		{66C39EA4-0029-42FF-BF95-3DD63B89A435}.Release|Any CPU.Build.0 = Release|Any CPU
		{87088516-DAE0-4D4F-AF80-53D758F45EF6}.Debug|Any CPU.ActiveCfg = Debug|Any CPU
		{87088516-DAE0-4D4F-AF80-53D758F45EF6}.Debug|Any CPU.Build.0 = Debug|Any CPU
		{87088516-DAE0-4D4F-AF80-53D758F45EF6}.Release|Any CPU.ActiveCfg = Release|Any CPU
		{87088516-DAE0-4D4F-AF80-53D758F45EF6}.Release|Any CPU.Build.0 = Release|Any CPU
		{7CC52D8B-C060-493E-8DEF-483EA9D316FD}.Debug|Any CPU.ActiveCfg = Debug|Any CPU
		{7CC52D8B-C060-493E-8DEF-483EA9D316FD}.Debug|Any CPU.Build.0 = Debug|Any CPU
		{7CC52D8B-C060-493E-8DEF-483EA9D316FD}.Release|Any CPU.ActiveCfg = Release|Any CPU
		{7CC52D8B-C060-493E-8DEF-483EA9D316FD}.Release|Any CPU.Build.0 = Release|Any CPU
		{31089D10-95A4-4E91-939B-548FD3DCAA0C}.Debug|Any CPU.ActiveCfg = Debug|Any CPU
		{31089D10-95A4-4E91-939B-548FD3DCAA0C}.Debug|Any CPU.Build.0 = Debug|Any CPU
		{31089D10-95A4-4E91-939B-548FD3DCAA0C}.Release|Any CPU.ActiveCfg = Release|Any CPU
		{31089D10-95A4-4E91-939B-548FD3DCAA0C}.Release|Any CPU.Build.0 = Release|Any CPU
	EndGlobalSection
	GlobalSection(SolutionProperties) = preSolution
		HideSolutionNode = FALSE
	EndGlobalSection
	GlobalSection(ExtensibilityGlobals) = postSolution
		SolutionGuid = {EAC0183C-8660-4C7E-A42F-6E3BD4CA30E2}
	EndGlobalSection
EndGlobal
